
Microsoft Visual Studio Solution File, Format Version 12.00
# Visual Studio Version 16
VisualStudioVersion = 16.0.29920.165
MinimumVisualStudioVersion = 10.0.40219.1
Project("{9A19103F-16F7-4668-BE54-9A1E7A4F7556}") = "BookListRazor", "BookListRazor\BookListRazor.csproj", "{44FF7D17-352E-4705-B864-C8E2C1BC7C21}"
EndProject
Global
	GlobalSection(SolutionConfigurationPlatforms) = preSolution
		Debug|Any CPU = Debug|Any CPU
		Release|Any CPU = Release|Any CPU
	EndGlobalSection
	GlobalSection(ProjectConfigurationPlatforms) = postSolution
		{44FF7D17-352E-4705-B864-C8E2C1BC7C21}.Debug|Any CPU.ActiveCfg = Debug|Any CPU
		{44FF7D17-352E-4705-B864-C8E2C1BC7C21}.Debug|Any CPU.Build.0 = Debug|Any CPU
		{44FF7D17-352E-4705-B864-C8E2C1BC7C21}.Release|Any CPU.ActiveCfg = Release|Any CPU
		{44FF7D17-352E-4705-B864-C8E2C1BC7C21}.Release|Any CPU.Build.0 = Release|Any CPU
	EndGlobalSection
	GlobalSection(SolutionProperties) = preSolution
		HideSolutionNode = FALSE
	EndGlobalSection
	GlobalSection(ExtensibilityGlobals) = postSolution
		SolutionGuid = {7E4BBD07-B8B6-4046-AFDE-FD38E6E0BE95}
	EndGlobalSection
EndGlobal
